
Microsoft Visual Studio Solution File, Format Version 12.00
# Visual Studio Version 17
VisualStudioVersion = 17.6.33723.286
MinimumVisualStudioVersion = 10.0.40219.1
Project("{FAE04EC0-301F-11D3-BF4B-00C04F79EFBC}") = "Atividade1", "Atividade1\Atividade1.csproj", "{BFC16635-6C6F-4FB6-A233-C9F8A9631127}"
EndProject
Global
	GlobalSection(SolutionConfigurationPlatforms) = preSolution
		Debug|Any CPU = Debug|Any CPU
		Release|Any CPU = Release|Any CPU
	EndGlobalSection
	GlobalSection(ProjectConfigurationPlatforms) = postSolution
		{BFC16635-6C6F-4FB6-A233-C9F8A9631127}.Debug|Any CPU.ActiveCfg = Debug|Any CPU
		{BFC16635-6C6F-4FB6-A233-C9F8A9631127}.Debug|Any CPU.Build.0 = Debug|Any CPU
		{BFC16635-6C6F-4FB6-A233-C9F8A9631127}.Release|Any CPU.ActiveCfg = Release|Any CPU
		{BFC16635-6C6F-4FB6-A233-C9F8A9631127}.Release|Any CPU.Build.0 = Release|Any CPU
	EndGlobalSection
	GlobalSection(SolutionProperties) = preSolution
		HideSolutionNode = FALSE
	EndGlobalSection
	GlobalSection(ExtensibilityGlobals) = postSolution
		SolutionGuid = {457CE72A-0884-4EA3-8DCA-8BA50ACEF1EE}
	EndGlobalSection
EndGlobal
